
Microsoft Visual Studio Solution File, Format Version 12.00
# Visual Studio Version 16
VisualStudioVersion = 25.0.1700.0
MinimumVisualStudioVersion = 10.0.40219.1
Project("{FAE04EC0-301F-11D3-BF4B-00C04F79EFBC}") = "Test.Xam.BuildTaskUpdate", "Test.Xam.BuildTaskUpdate\Test.Xam.BuildTaskUpdate.csproj", "{539F5629-8E18-4E66-A942-2EEEE13FD37E}"
EndProject
Global
	GlobalSection(SolutionConfigurationPlatforms) = preSolution
		Debug|Any CPU = Debug|Any CPU
		Release|Any CPU = Release|Any CPU
	EndGlobalSection
	GlobalSection(ProjectConfigurationPlatforms) = postSolution
		{539F5629-8E18-4E66-A942-2EEEE13FD37E}.Debug|Any CPU.ActiveCfg = Debug|Any CPU
		{539F5629-8E18-4E66-A942-2EEEE13FD37E}.Debug|Any CPU.Build.0 = Debug|Any CPU
		{539F5629-8E18-4E66-A942-2EEEE13FD37E}.Release|Any CPU.ActiveCfg = Release|Any CPU
		{539F5629-8E18-4E66-A942-2EEEE13FD37E}.Release|Any CPU.Build.0 = Release|Any CPU
	EndGlobalSection
	GlobalSection(SolutionProperties) = preSolution
		HideSolutionNode = FALSE
	EndGlobalSection
	GlobalSection(ExtensibilityGlobals) = postSolution
		SolutionGuid = {4979787C-C2DC-4291-BF0B-C936BD1D113F}
	EndGlobalSection
EndGlobal
